// !$*UTF8*$!
{
	archiveVersion = 1;
	classes = {
	};
	objectVersion = 50;
	objects = {

/* Begin PBXBuildFile section */
		AA691BB8256BD2DC00F36CA8 /* AppDelegate.swift in Sources */ = {isa = PBXBuildFile; fileRef = AA691BB7256BD2DC00F36CA8 /* AppDelegate.swift */; };
		AA691BBA256BD2DC00F36CA8 /* SceneDelegate.swift in Sources */ = {isa = PBXBuildFile; fileRef = AA691BB9256BD2DC00F36CA8 /* SceneDelegate.swift */; };
		AA691BBC256BD2DC00F36CA8 /* ViewController.swift in Sources */ = {isa = PBXBuildFile; fileRef = AA691BBB256BD2DC00F36CA8 /* ViewController.swift */; };
		AA691BBF256BD2DC00F36CA8 /* Main.storyboard in Resources */ = {isa = PBXBuildFile; fileRef = AA691BBD256BD2DC00F36CA8 /* Main.storyboard */; };
		AA691BC1256BD2DD00F36CA8 /* Assets.xcassets in Resources */ = {isa = PBXBuildFile; fileRef = AA691BC0256BD2DD00F36CA8 /* Assets.xcassets */; };
		AA691BC4256BD2DD00F36CA8 /* LaunchScreen.storyboard in Resources */ = {isa = PBXBuildFile; fileRef = AA691BC2256BD2DD00F36CA8 /* LaunchScreen.storyboard */; };
		AA691BCF256BD2DD00F36CA8 /* Task6Tests.swift in Sources */ = {isa = PBXBuildFile; fileRef = AA691BCE256BD2DD00F36CA8 /* Task6Tests.swift */; };
		AA691BDA256BD2DD00F36CA8 /* Task6UITests.swift in Sources */ = {isa = PBXBuildFile; fileRef = AA691BD9256BD2DD00F36CA8 /* Task6UITests.swift */; };
/* End PBXBuildFile section */

/* Begin PBXContainerItemProxy section */
		AA691BCB256BD2DD00F36CA8 /* PBXContainerItemProxy */ = {
			isa = PBXContainerItemProxy;
			containerPortal = AA691BAC256BD2DB00F36CA8 /* Project object */;
			proxyType = 1;
			remoteGlobalIDString = AA691BB3256BD2DC00F36CA8;
			remoteInfo = Task6;
		};
		AA691BD6256BD2DD00F36CA8 /* PBXContainerItemProxy */ = {
			isa = PBXContainerItemProxy;
			containerPortal = AA691BAC256BD2DB00F36CA8 /* Project object */;
			proxyType = 1;
			remoteGlobalIDString = AA691BB3256BD2DC00F36CA8;
			remoteInfo = Task6;
		};
/* End PBXContainerItemProxy section */

/* Begin PBXFileReference section */
		AA691BB4256BD2DC00F36CA8 /* Task6.app */ = {isa = PBXFileReference; explicitFileType = wrapper.application; includeInIndex = 0; path = Task6.app; sourceTree = BUILT_PRODUCTS_DIR; };
		AA691BB7256BD2DC00F36CA8 /* AppDelegate.swift */ = {isa = PBXFileReference; lastKnownFileType = sourcecode.swift; path = AppDelegate.swift; sourceTree = "<group>"; };
		AA691BB9256BD2DC00F36CA8 /* SceneDelegate.swift */ = {isa = PBXFileReference; lastKnownFileType = sourcecode.swift; path = SceneDelegate.swift; sourceTree = "<group>"; };
		AA691BBB256BD2DC00F36CA8 /* ViewController.swift */ = {isa = PBXFileReference; lastKnownFileType = sourcecode.swift; path = ViewController.swift; sourceTree = "<group>"; };
		AA691BBE256BD2DC00F36CA8 /* Base */ = {isa = PBXFileReference; lastKnownFileType = file.storyboard; name = Base; path = Base.lproj/Main.storyboard; sourceTree = "<group>"; };
		AA691BC0256BD2DD00F36CA8 /* Assets.xcassets */ = {isa = PBXFileReference; lastKnownFileType = folder.assetcatalog; path = Assets.xcassets; sourceTree = "<group>"; };
		AA691BC3256BD2DD00F36CA8 /* Base */ = {isa = PBXFileReference; lastKnownFileType = file.storyboard; name = Base; path = Base.lproj/LaunchScreen.storyboard; sourceTree = "<group>"; };
		AA691BC5256BD2DD00F36CA8 /* Info.plist */ = {isa = PBXFileReference; lastKnownFileType = text.plist.xml; path = Info.plist; sourceTree = "<group>"; };
		AA691BCA256BD2DD00F36CA8 /* Task6Tests.xctest */ = {isa = PBXFileReference; explicitFileType = wrapper.cfbundle; includeInIndex = 0; path = Task6Tests.xctest; sourceTree = BUILT_PRODUCTS_DIR; };
		AA691BCE256BD2DD00F36CA8 /* Task6Tests.swift */ = {isa = PBXFileReference; lastKnownFileType = sourcecode.swift; path = Task6Tests.swift; sourceTree = "<group>"; };
		AA691BD0256BD2DD00F36CA8 /* Info.plist */ = {isa = PBXFileReference; lastKnownFileType = text.plist.xml; path = Info.plist; sourceTree = "<group>"; };
		AA691BD5256BD2DD00F36CA8 /* Task6UITests.xctest */ = {isa = PBXFileReference; explicitFileType = wrapper.cfbundle; includeInIndex = 0; path = Task6UITests.xctest; sourceTree = BUILT_PRODUCTS_DIR; };
		AA691BD9256BD2DD00F36CA8 /* Task6UITests.swift */ = {isa = PBXFileReference; lastKnownFileType = sourcecode.swift; path = Task6UITests.swift; sourceTree = "<group>"; };
		AA691BDB256BD2DD00F36CA8 /* Info.plist */ = {isa = PBXFileReference; lastKnownFileType = text.plist.xml; path = Info.plist; sourceTree = "<group>"; };
/* End PBXFileReference section */

/* Begin PBXFrameworksBuildPhase section */
		AA691BB1256BD2DC00F36CA8 /* Frameworks */ = {
			isa = PBXFrameworksBuildPhase;
			buildActionMask = 2147483647;
			files = (
			);
			runOnlyForDeploymentPostprocessing = 0;
		};
		AA691BC7256BD2DD00F36CA8 /* Frameworks */ = {
			isa = PBXFrameworksBuildPhase;
			buildActionMask = 2147483647;
			files = (
			);
			runOnlyForDeploymentPostprocessing = 0;
		};
		AA691BD2256BD2DD00F36CA8 /* Frameworks */ = {
			isa = PBXFrameworksBuildPhase;
			buildActionMask = 2147483647;
			files = (
			);
			runOnlyForDeploymentPostprocessing = 0;
		};
/* End PBXFrameworksBuildPhase section */

/* Begin PBXGroup section */
		AA691BAB256BD2DB00F36CA8 = {
			isa = PBXGroup;
			children = (
				AA691BB6256BD2DC00F36CA8 /* Task6 */,
				AA691BCD256BD2DD00F36CA8 /* Task6Tests */,
				AA691BD8256BD2DD00F36CA8 /* Task6UITests */,
				AA691BB5256BD2DC00F36CA8 /* Products */,
			);
			sourceTree = "<group>";
		};
		AA691BB5256BD2DC00F36CA8 /* Products */ = {
			isa = PBXGroup;
			children = (
				AA691BB4256BD2DC00F36CA8 /* Task6.app */,
				AA691BCA256BD2DD00F36CA8 /* Task6Tests.xctest */,
				AA691BD5256BD2DD00F36CA8 /* Task6UITests.xctest */,
			);
			name = Products;
			sourceTree = "<group>";
		};
		AA691BB6256BD2DC00F36CA8 /* Task6 */ = {
			isa = PBXGroup;
			children = (
				AA691BB7256BD2DC00F36CA8 /* AppDelegate.swift */,
				AA691BB9256BD2DC00F36CA8 /* SceneDelegate.swift */,
				AA691BBB256BD2DC00F36CA8 /* ViewController.swift */,
				AA691BBD256BD2DC00F36CA8 /* Main.storyboard */,
				AA691BC0256BD2DD00F36CA8 /* Assets.xcassets */,
				AA691BC2256BD2DD00F36CA8 /* LaunchScreen.storyboard */,
				AA691BC5256BD2DD00F36CA8 /* Info.plist */,
			);
			path = Task6;
			sourceTree = "<group>";
		};
		AA691BCD256BD2DD00F36CA8 /* Task6Tests */ = {
			isa = PBXGroup;
			children = (
				AA691BCE256BD2DD00F36CA8 /* Task6Tests.swift */,
				AA691BD0256BD2DD00F36CA8 /* Info.plist */,
			);
			path = Task6Tests;
			sourceTree = "<group>";
		};
		AA691BD8256BD2DD00F36CA8 /* Task6UITests */ = {
			isa = PBXGroup;
			children = (
				AA691BD9256BD2DD00F36CA8 /* Task6UITests.swift */,
				AA691BDB256BD2DD00F36CA8 /* Info.plist */,
			);
			path = Task6UITests;
			sourceTree = "<group>";
		};
/* End PBXGroup section */

/* Begin PBXNativeTarget section */
		AA691BB3256BD2DC00F36CA8 /* Task6 */ = {
			isa = PBXNativeTarget;
			buildConfigurationList = AA691BDE256BD2DD00F36CA8 /* Build configuration list for PBXNativeTarget "Task6" */;
			buildPhases = (
				AA691BB0256BD2DC00F36CA8 /* Sources */,
				AA691BB1256BD2DC00F36CA8 /* Frameworks */,
				AA691BB2256BD2DC00F36CA8 /* Resources */,
			);
			buildRules = (
			);
			dependencies = (
			);
			name = Task6;
			productName = Task6;
			productReference = AA691BB4256BD2DC00F36CA8 /* Task6.app */;
			productType = "com.apple.product-type.application";
		};
		AA691BC9256BD2DD00F36CA8 /* Task6Tests */ = {
			isa = PBXNativeTarget;
			buildConfigurationList = AA691BE1256BD2DD00F36CA8 /* Build configuration list for PBXNativeTarget "Task6Tests" */;
			buildPhases = (
				AA691BC6256BD2DD00F36CA8 /* Sources */,
				AA691BC7256BD2DD00F36CA8 /* Frameworks */,
				AA691BC8256BD2DD00F36CA8 /* Resources */,
			);
			buildRules = (
			);
			dependencies = (
				AA691BCC256BD2DD00F36CA8 /* PBXTargetDependency */,
			);
			name = Task6Tests;
			productName = Task6Tests;
			productReference = AA691BCA256BD2DD00F36CA8 /* Task6Tests.xctest */;
			productType = "com.apple.product-type.bundle.unit-test";
		};
		AA691BD4256BD2DD00F36CA8 /* Task6UITests */ = {
			isa = PBXNativeTarget;
			buildConfigurationList = AA691BE4256BD2DD00F36CA8 /* Build configuration list for PBXNativeTarget "Task6UITests" */;
			buildPhases = (
				AA691BD1256BD2DD00F36CA8 /* Sources */,
				AA691BD2256BD2DD00F36CA8 /* Frameworks */,
				AA691BD3256BD2DD00F36CA8 /* Resources */,
			);
			buildRules = (
			);
			dependencies = (
				AA691BD7256BD2DD00F36CA8 /* PBXTargetDependency */,
			);
			name = Task6UITests;
			productName = Task6UITests;
			productReference = AA691BD5256BD2DD00F36CA8 /* Task6UITests.xctest */;
			productType = "com.apple.product-type.bundle.ui-testing";
		};
/* End PBXNativeTarget section */

/* Begin PBXProject section */
		AA691BAC256BD2DB00F36CA8 /* Project object */ = {
			isa = PBXProject;
			attributes = {
				LastSwiftUpdateCheck = 1220;
				LastUpgradeCheck = 1220;
				TargetAttributes = {
					AA691BB3256BD2DC00F36CA8 = {
						CreatedOnToolsVersion = 12.2;
					};
					AA691BC9256BD2DD00F36CA8 = {
						CreatedOnToolsVersion = 12.2;
						TestTargetID = AA691BB3256BD2DC00F36CA8;
					};
					AA691BD4256BD2DD00F36CA8 = {
						CreatedOnToolsVersion = 12.2;
						TestTargetID = AA691BB3256BD2DC00F36CA8;
					};
				};
			};
			buildConfigurationList = AA691BAF256BD2DB00F36CA8 /* Build configuration list for PBXProject "Task6" */;
			compatibilityVersion = "Xcode 9.3";
			developmentRegion = en;
			hasScannedForEncodings = 0;
			knownRegions = (
				en,
				Base,
			);
			mainGroup = AA691BAB256BD2DB00F36CA8;
			productRefGroup = AA691BB5256BD2DC00F36CA8 /* Products */;
			projectDirPath = "";
			projectRoot = "";
			targets = (
				AA691BB3256BD2DC00F36CA8 /* Task6 */,
				AA691BC9256BD2DD00F36CA8 /* Task6Tests */,
				AA691BD4256BD2DD00F36CA8 /* Task6UITests */,
			);
		};
/* End PBXProject section */

/* Begin PBXResourcesBuildPhase section */
		AA691BB2256BD2DC00F36CA8 /* Resources */ = {
			isa = PBXResourcesBuildPhase;
			buildActionMask = 2147483647;
			files = (
				AA691BC4256BD2DD00F36CA8 /* LaunchScreen.storyboard in Resources */,
				AA691BC1256BD2DD00F36CA8 /* Assets.xcassets in Resources */,
				AA691BBF256BD2DC00F36CA8 /* Main.storyboard in Resources */,
			);
			runOnlyForDeploymentPostprocessing = 0;
		};
		AA691BC8256BD2DD00F36CA8 /* Resources */ = {
			isa = PBXResourcesBuildPhase;
			buildActionMask = 2147483647;
			files = (
			);
			runOnlyForDeploymentPostprocessing = 0;
		};
		AA691BD3256BD2DD00F36CA8 /* Resources */ = {
			isa = PBXResourcesBuildPhase;
			buildActionMask = 2147483647;
			files = (
			);
			runOnlyForDeploymentPostprocessing = 0;
		};
/* End PBXResourcesBuildPhase section */

/* Begin PBXSourcesBuildPhase section */
		AA691BB0256BD2DC00F36CA8 /* Sources */ = {
			isa = PBXSourcesBuildPhase;
			buildActionMask = 2147483647;
			files = (
				AA691BBC256BD2DC00F36CA8 /* ViewController.swift in Sources */,
				AA691BB8256BD2DC00F36CA8 /* AppDelegate.swift in Sources */,
				AA691BBA256BD2DC00F36CA8 /* SceneDelegate.swift in Sources */,
			);
			runOnlyForDeploymentPostprocessing = 0;
		};
		AA691BC6256BD2DD00F36CA8 /* Sources */ = {
			isa = PBXSourcesBuildPhase;
			buildActionMask = 2147483647;
			files = (
				AA691BCF256BD2DD00F36CA8 /* Task6Tests.swift in Sources */,
			);
			runOnlyForDeploymentPostprocessing = 0;
		};
		AA691BD1256BD2DD00F36CA8 /* Sources */ = {
			isa = PBXSourcesBuildPhase;
			buildActionMask = 2147483647;
			files = (
				AA691BDA256BD2DD00F36CA8 /* Task6UITests.swift in Sources */,
			);
			runOnlyForDeploymentPostprocessing = 0;
		};
/* End PBXSourcesBuildPhase section */

/* Begin PBXTargetDependency section */
		AA691BCC256BD2DD00F36CA8 /* PBXTargetDependency */ = {
			isa = PBXTargetDependency;
			target = AA691BB3256BD2DC00F36CA8 /* Task6 */;
			targetProxy = AA691BCB256BD2DD00F36CA8 /* PBXContainerItemProxy */;
		};
		AA691BD7256BD2DD00F36CA8 /* PBXTargetDependency */ = {
			isa = PBXTargetDependency;
			target = AA691BB3256BD2DC00F36CA8 /* Task6 */;
			targetProxy = AA691BD6256BD2DD00F36CA8 /* PBXContainerItemProxy */;
		};
/* End PBXTargetDependency section */

/* Begin PBXVariantGroup section */
		AA691BBD256BD2DC00F36CA8 /* Main.storyboard */ = {
			isa = PBXVariantGroup;
			children = (
				AA691BBE256BD2DC00F36CA8 /* Base */,
			);
			name = Main.storyboard;
			sourceTree = "<group>";
		};
		AA691BC2256BD2DD00F36CA8 /* LaunchScreen.storyboard */ = {
			isa = PBXVariantGroup;
			children = (
				AA691BC3256BD2DD00F36CA8 /* Base */,
			);
			name = LaunchScreen.storyboard;
			sourceTree = "<group>";
		};
/* End PBXVariantGroup section */

/* Begin XCBuildConfiguration section */
		AA691BDC256BD2DD00F36CA8 /* Debug */ = {
			isa = XCBuildConfiguration;
			buildSettings = {
				ALWAYS_SEARCH_USER_PATHS = NO;
				CLANG_ANALYZER_NONNULL = YES;
				CLANG_ANALYZER_NUMBER_OBJECT_CONVERSION = YES_AGGRESSIVE;
				CLANG_CXX_LANGUAGE_STANDARD = "gnu++14";
				CLANG_CXX_LIBRARY = "libc++";
				CLANG_ENABLE_MODULES = YES;
				CLANG_ENABLE_OBJC_ARC = YES;
				CLANG_ENABLE_OBJC_WEAK = YES;
				CLANG_WARN_BLOCK_CAPTURE_AUTORELEASING = YES;
				CLANG_WARN_BOOL_CONVERSION = YES;
				CLANG_WARN_COMMA = YES;
				CLANG_WARN_CONSTANT_CONVERSION = YES;
				CLANG_WARN_DEPRECATED_OBJC_IMPLEMENTATIONS = YES;
				CLANG_WARN_DIRECT_OBJC_ISA_USAGE = YES_ERROR;
				CLANG_WARN_DOCUMENTATION_COMMENTS = YES;
				CLANG_WARN_EMPTY_BODY = YES;
				CLANG_WARN_ENUM_CONVERSION = YES;
				CLANG_WARN_INFINITE_RECURSION = YES;
				CLANG_WARN_INT_CONVERSION = YES;
				CLANG_WARN_NON_LITERAL_NULL_CONVERSION = YES;
				CLANG_WARN_OBJC_IMPLICIT_RETAIN_SELF = YES;
				CLANG_WARN_OBJC_LITERAL_CONVERSION = YES;
				CLANG_WARN_OBJC_ROOT_CLASS = YES_ERROR;
				CLANG_WARN_QUOTED_INCLUDE_IN_FRAMEWORK_HEADER = YES;
				CLANG_WARN_RANGE_LOOP_ANALYSIS = YES;
				CLANG_WARN_STRICT_PROTOTYPES = YES;
				CLANG_WARN_SUSPICIOUS_MOVE = YES;
				CLANG_WARN_UNGUARDED_AVAILABILITY = YES_AGGRESSIVE;
				CLANG_WARN_UNREACHABLE_CODE = YES;
				CLANG_WARN__DUPLICATE_METHOD_MATCH = YES;
				COPY_PHASE_STRIP = NO;
				DEBUG_INFORMATION_FORMAT = dwarf;
				ENABLE_STRICT_OBJC_MSGSEND = YES;
				ENABLE_TESTABILITY = YES;
				GCC_C_LANGUAGE_STANDARD = gnu11;
				GCC_DYNAMIC_NO_PIC = NO;
				GCC_NO_COMMON_BLOCKS = YES;
				GCC_OPTIMIZATION_LEVEL = 0;
				GCC_PREPROCESSOR_DEFINITIONS = (
					"DEBUG=1",
					"$(inherited)",
				);
				GCC_WARN_64_TO_32_BIT_CONVERSION = YES;
				GCC_WARN_ABOUT_RETURN_TYPE = YES_ERROR;
				GCC_WARN_UNDECLARED_SELECTOR = YES;
				GCC_WARN_UNINITIALIZED_AUTOS = YES_AGGRESSIVE;
				GCC_WARN_UNUSED_FUNCTION = YES;
				GCC_WARN_UNUSED_VARIABLE = YES;
				IPHONEOS_DEPLOYMENT_TARGET = 14.2;
				MTL_ENABLE_DEBUG_INFO = INCLUDE_SOURCE;
				MTL_FAST_MATH = YES;
				ONLY_ACTIVE_ARCH = YES;
				SDKROOT = iphoneos;
				SWIFT_ACTIVE_COMPILATION_CONDITIONS = DEBUG;
				SWIFT_OPTIMIZATION_LEVEL = "-Onone";
			};
			name = Debug;
		};
		AA691BDD256BD2DD00F36CA8 /* Release */ = {
			isa = XCBuildConfiguration;
			buildSettings = {
				ALWAYS_SEARCH_USER_PATHS = NO;
				CLANG_ANALYZER_NONNULL = YES;
				CLANG_ANALYZER_NUMBER_OBJECT_CONVERSION = YES_AGGRESSIVE;
				CLANG_CXX_LANGUAGE_STANDARD = "gnu++14";
				CLANG_CXX_LIBRARY = "libc++";
				CLANG_ENABLE_MODULES = YES;
				CLANG_ENABLE_OBJC_ARC = YES;
				CLANG_ENABLE_OBJC_WEAK = YES;
				CLANG_WARN_BLOCK_CAPTURE_AUTORELEASING = YES;
				CLANG_WARN_BOOL_CONVERSION = YES;
				CLANG_WARN_COMMA = YES;
				CLANG_WARN_CONSTANT_CONVERSION = YES;
				CLANG_WARN_DEPRECATED_OBJC_IMPLEMENTATIONS = YES;
				CLANG_WARN_DIRECT_OBJC_ISA_USAGE = YES_ERROR;
				CLANG_WARN_DOCUMENTATION_COMMENTS = YES;
				CLANG_WARN_EMPTY_BODY = YES;
				CLANG_WARN_ENUM_CONVERSION = YES;
				CLANG_WARN_INFINITE_RECURSION = YES;
				CLANG_WARN_INT_CONVERSION = YES;
				CLANG_WARN_NON_LITERAL_NULL_CONVERSION = YES;
				CLANG_WARN_OBJC_IMPLICIT_RETAIN_SELF = YES;
				CLANG_WARN_OBJC_LITERAL_CONVERSION = YES;
				CLANG_WARN_OBJC_ROOT_CLASS = YES_ERROR;
				CLANG_WARN_QUOTED_INCLUDE_IN_FRAMEWORK_HEADER = YES;
				CLANG_WARN_RANGE_LOOP_ANALYSIS = YES;
				CLANG_WARN_STRICT_PROTOTYPES = YES;
				CLANG_WARN_SUSPICIOUS_MOVE = YES;
				CLANG_WARN_UNGUARDED_AVAILABILITY = YES_AGGRESSIVE;
				CLANG_WARN_UNREACHABLE_CODE = YES;
				CLANG_WARN__DUPLICATE_METHOD_MATCH = YES;
				COPY_PHASE_STRIP = NO;
				DEBUG_INFORMATION_FORMAT = "dwarf-with-dsym";
				ENABLE_NS_ASSERTIONS = NO;
				ENABLE_STRICT_OBJC_MSGSEND = YES;
				GCC_C_LANGUAGE_STANDARD = gnu11;
				GCC_NO_COMMON_BLOCKS = YES;
				GCC_WARN_64_TO_32_BIT_CONVERSION = YES;
				GCC_WARN_ABOUT_RETURN_TYPE = YES_ERROR;
				GCC_WARN_UNDECLARED_SELECTOR = YES;
				GCC_WARN_UNINITIALIZED_AUTOS = YES_AGGRESSIVE;
				GCC_WARN_UNUSED_FUNCTION = YES;
				GCC_WARN_UNUSED_VARIABLE = YES;
				IPHONEOS_DEPLOYMENT_TARGET = 14.2;
				MTL_ENABLE_DEBUG_INFO = NO;
				MTL_FAST_MATH = YES;
				SDKROOT = iphoneos;
				SWIFT_COMPILATION_MODE = wholemodule;
				SWIFT_OPTIMIZATION_LEVEL = "-O";
				VALIDATE_PRODUCT = YES;
			};
			name = Release;
		};
		AA691BDF256BD2DD00F36CA8 /* Debug */ = {
			isa = XCBuildConfiguration;
			buildSettings = {
				ASSETCATALOG_COMPILER_APPICON_NAME = AppIcon;
				ASSETCATALOG_COMPILER_GLOBAL_ACCENT_COLOR_NAME = AccentColor;
				CODE_SIGN_STYLE = Automatic;
				INFOPLIST_FILE = Task6/Info.plist;
				LD_RUNPATH_SEARCH_PATHS = (
					"$(inherited)",
					"@executable_path/Frameworks",
				);
				PRODUCT_BUNDLE_IDENTIFIER = com.viktor.Task6;
				PRODUCT_NAME = "$(TARGET_NAME)";
				SWIFT_VERSION = 5.0;
				TARGETED_DEVICE_FAMILY = "1,2";
			};
			name = Debug;
		};
		AA691BE0256BD2DD00F36CA8 /* Release */ = {
			isa = XCBuildConfiguration;
			buildSettings = {
				ASSETCATALOG_COMPILER_APPICON_NAME = AppIcon;
				ASSETCATALOG_COMPILER_GLOBAL_ACCENT_COLOR_NAME = AccentColor;
				CODE_SIGN_STYLE = Automatic;
				INFOPLIST_FILE = Task6/Info.plist;
				LD_RUNPATH_SEARCH_PATHS = (
					"$(inherited)",
					"@executable_path/Frameworks",
				);
				PRODUCT_BUNDLE_IDENTIFIER = com.viktor.Task6;
				PRODUCT_NAME = "$(TARGET_NAME)";
				SWIFT_VERSION = 5.0;
				TARGETED_DEVICE_FAMILY = "1,2";
			};
			name = Release;
		};
		AA691BE2256BD2DD00F36CA8 /* Debug */ = {
			isa = XCBuildConfiguration;
			buildSettings = {
				ALWAYS_EMBED_SWIFT_STANDARD_LIBRARIES = YES;
				BUNDLE_LOADER = "$(TEST_HOST)";
				CODE_SIGN_STYLE = Automatic;
				INFOPLIST_FILE = Task6Tests/Info.plist;
				IPHONEOS_DEPLOYMENT_TARGET = 14.2;
				LD_RUNPATH_SEARCH_PATHS = (
					"$(inherited)",
					"@executable_path/Frameworks",
					"@loader_path/Frameworks",
				);
				PRODUCT_BUNDLE_IDENTIFIER = com.viktor.Task6Tests;
				PRODUCT_NAME = "$(TARGET_NAME)";
				SWIFT_VERSION = 5.0;
				TARGETED_DEVICE_FAMILY = "1,2";
				TEST_HOST = "$(BUILT_PRODUCTS_DIR)/Task6.app/Task6";
			};
			name = Debug;
		};
		AA691BE3256BD2DD00F36CA8 /* Release */ = {
			isa = XCBuildConfiguration;
			buildSettings = {
				ALWAYS_EMBED_SWIFT_STANDARD_LIBRARIES = YES;
				BUNDLE_LOADER = "$(TEST_HOST)";
				CODE_SIGN_STYLE = Automatic;
				INFOPLIST_FILE = Task6Tests/Info.plist;
				IPHONEOS_DEPLOYMENT_TARGET = 14.2;
				LD_RUNPATH_SEARCH_PATHS = (
					"$(inherited)",
					"@executable_path/Frameworks",
					"@loader_path/Frameworks",
				);
				PRODUCT_BUNDLE_IDENTIFIER = com.viktor.Task6Tests;
				PRODUCT_NAME = "$(TARGET_NAME)";
				SWIFT_VERSION = 5.0;
				TARGETED_DEVICE_FAMILY = "1,2";
				TEST_HOST = "$(BUILT_PRODUCTS_DIR)/Task6.app/Task6";
			};
			name = Release;
		};
		AA691BE5256BD2DD00F36CA8 /* Debug */ = {
			isa = XCBuildConfiguration;
			buildSettings = {
				ALWAYS_EMBED_SWIFT_STANDARD_LIBRARIES = YES;
				CODE_SIGN_STYLE = Automatic;
				INFOPLIST_FILE = Task6UITests/Info.plist;
				LD_RUNPATH_SEARCH_PATHS = (
					"$(inherited)",
					"@executable_path/Frameworks",
					"@loader_path/Frameworks",
				);
				PRODUCT_BUNDLE_IDENTIFIER = com.viktor.Task6UITests;
				PRODUCT_NAME = "$(TARGET_NAME)";
				SWIFT_VERSION = 5.0;
				TARGETED_DEVICE_FAMILY = "1,2";
				TEST_TARGET_NAME = Task6;
			};
			name = Debug;
		};
		AA691BE6256BD2DD00F36CA8 /* Release */ = {
			isa = XCBuildConfiguration;
			buildSettings = {
				ALWAYS_EMBED_SWIFT_STANDARD_LIBRARIES = YES;
				CODE_SIGN_STYLE = Automatic;
				INFOPLIST_FILE = Task6UITests/Info.plist;
				LD_RUNPATH_SEARCH_PATHS = (
					"$(inherited)",
					"@executable_path/Frameworks",
					"@loader_path/Frameworks",
				);
				PRODUCT_BUNDLE_IDENTIFIER = com.viktor.Task6UITests;
				PRODUCT_NAME = "$(TARGET_NAME)";
				SWIFT_VERSION = 5.0;
				TARGETED_DEVICE_FAMILY = "1,2";
				TEST_TARGET_NAME = Task6;
			};
			name = Release;
		};
/* End XCBuildConfiguration section */

/* Begin XCConfigurationList section */
		AA691BAF256BD2DB00F36CA8 /* Build configuration list for PBXProject "Task6" */ = {
			isa = XCConfigurationList;
			buildConfigurations = (
				AA691BDC256BD2DD00F36CA8 /* Debug */,
				AA691BDD256BD2DD00F36CA8 /* Release */,
			);
			defaultConfigurationIsVisible = 0;
			defaultConfigurationName = Release;
		};
		AA691BDE256BD2DD00F36CA8 /* Build configuration list for PBXNativeTarget "Task6" */ = {
			isa = XCConfigurationList;
			buildConfigurations = (
				AA691BDF256BD2DD00F36CA8 /* Debug */,
				AA691BE0256BD2DD00F36CA8 /* Release */,
			);
			defaultConfigurationIsVisible = 0;
			defaultConfigurationName = Release;
		};
		AA691BE1256BD2DD00F36CA8 /* Build configuration list for PBXNativeTarget "Task6Tests" */ = {
			isa = XCConfigurationList;
			buildConfigurations = (
				AA691BE2256BD2DD00F36CA8 /* Debug */,
				AA691BE3256BD2DD00F36CA8 /* Release */,
			);
			defaultConfigurationIsVisible = 0;
			defaultConfigurationName = Release;
		};
		AA691BE4256BD2DD00F36CA8 /* Build configuration list for PBXNativeTarget "Task6UITests" */ = {
			isa = XCConfigurationList;
			buildConfigurations = (
				AA691BE5256BD2DD00F36CA8 /* Debug */,
				AA691BE6256BD2DD00F36CA8 /* Release */,
			);
			defaultConfigurationIsVisible = 0;
			defaultConfigurationName = Release;
		};
/* End XCConfigurationList section */
	};
	rootObject = AA691BAC256BD2DB00F36CA8 /* Project object */;
}
