// !$*UTF8*$!
{
	archiveVersion = 1;
	classes = {
	};
	objectVersion = 50;
	objects = {

/* Begin PBXBuildFile section */
		84489A4A256D2A18000A4018 /* AppDelegate.swift in Sources */ = {isa = PBXBuildFile; fileRef = 84489A49256D2A18000A4018 /* AppDelegate.swift */; };
		84489A4C256D2A18000A4018 /* SceneDelegate.swift in Sources */ = {isa = PBXBuildFile; fileRef = 84489A4B256D2A18000A4018 /* SceneDelegate.swift */; };
		84489A51256D2A18000A4018 /* Main.storyboard in Resources */ = {isa = PBXBuildFile; fileRef = 84489A4F256D2A18000A4018 /* Main.storyboard */; };
		84489A53256D2A19000A4018 /* Assets.xcassets in Resources */ = {isa = PBXBuildFile; fileRef = 84489A52256D2A19000A4018 /* Assets.xcassets */; };
		84489A56256D2A19000A4018 /* LaunchScreen.storyboard in Resources */ = {isa = PBXBuildFile; fileRef = 84489A54256D2A19000A4018 /* LaunchScreen.storyboard */; };
		84489A63256D2A8D000A4018 /* Image.swift in Sources */ = {isa = PBXBuildFile; fileRef = 84489A62256D2A8D000A4018 /* Image.swift */; };
		84489A71256D2AD0000A4018 /* MyViewController.swift in Sources */ = {isa = PBXBuildFile; fileRef = 84489A6F256D2AD0000A4018 /* MyViewController.swift */; };
		84489A7D256D2B02000A4018 /* PageBuilder.swift in Sources */ = {isa = PBXBuildFile; fileRef = 84489A7C256D2B02000A4018 /* PageBuilder.swift */; };
		84489A8C256D32E2000A4018 /* Constants.swift in Sources */ = {isa = PBXBuildFile; fileRef = 84489A8B256D32E1000A4018 /* Constants.swift */; };
/* End PBXBuildFile section */

/* Begin PBXFileReference section */
		84489A46256D2A18000A4018 /* Task6.app */ = {isa = PBXFileReference; explicitFileType = wrapper.application; includeInIndex = 0; path = Task6.app; sourceTree = BUILT_PRODUCTS_DIR; };
		84489A49256D2A18000A4018 /* AppDelegate.swift */ = {isa = PBXFileReference; lastKnownFileType = sourcecode.swift; path = AppDelegate.swift; sourceTree = "<group>"; };
		84489A4B256D2A18000A4018 /* SceneDelegate.swift */ = {isa = PBXFileReference; lastKnownFileType = sourcecode.swift; path = SceneDelegate.swift; sourceTree = "<group>"; };
		84489A50256D2A18000A4018 /* Base */ = {isa = PBXFileReference; lastKnownFileType = file.storyboard; name = Base; path = Base.lproj/Main.storyboard; sourceTree = "<group>"; };
		84489A52256D2A19000A4018 /* Assets.xcassets */ = {isa = PBXFileReference; lastKnownFileType = folder.assetcatalog; path = Assets.xcassets; sourceTree = "<group>"; };
		84489A55256D2A19000A4018 /* Base */ = {isa = PBXFileReference; lastKnownFileType = file.storyboard; name = Base; path = Base.lproj/LaunchScreen.storyboard; sourceTree = "<group>"; };
		84489A57256D2A19000A4018 /* Info.plist */ = {isa = PBXFileReference; lastKnownFileType = text.plist.xml; path = Info.plist; sourceTree = "<group>"; };
		84489A62256D2A8D000A4018 /* Image.swift */ = {isa = PBXFileReference; fileEncoding = 4; lastKnownFileType = sourcecode.swift; path = Image.swift; sourceTree = "<group>"; };
		84489A6F256D2AD0000A4018 /* MyViewController.swift */ = {isa = PBXFileReference; fileEncoding = 4; lastKnownFileType = sourcecode.swift; path = MyViewController.swift; sourceTree = "<group>"; };
		84489A7C256D2B02000A4018 /* PageBuilder.swift */ = {isa = PBXFileReference; fileEncoding = 4; lastKnownFileType = sourcecode.swift; path = PageBuilder.swift; sourceTree = "<group>"; };
		84489A8B256D32E1000A4018 /* Constants.swift */ = {isa = PBXFileReference; fileEncoding = 4; lastKnownFileType = sourcecode.swift; path = Constants.swift; sourceTree = "<group>"; };
/* End PBXFileReference section */

/* Begin PBXFrameworksBuildPhase section */
		84489A43256D2A18000A4018 /* Frameworks */ = {
			isa = PBXFrameworksBuildPhase;
			buildActionMask = 2147483647;
			files = (
			);
			runOnlyForDeploymentPostprocessing = 0;
		};
/* End PBXFrameworksBuildPhase section */

/* Begin PBXGroup section */
		84489A3D256D2A18000A4018 = {
			isa = PBXGroup;
			children = (
				84489A8A256D32E1000A4018 /* Constants */,
				84489A48256D2A18000A4018 /* Task6 */,
				84489A47256D2A18000A4018 /* Products */,
			);
			sourceTree = "<group>";
		};
		84489A47256D2A18000A4018 /* Products */ = {
			isa = PBXGroup;
			children = (
				84489A46256D2A18000A4018 /* Task6.app */,
			);
			name = Products;
			sourceTree = "<group>";
		};
		84489A48256D2A18000A4018 /* Task6 */ = {
			isa = PBXGroup;
			children = (
				84489A6D256D2AD0000A4018 /* ViewFromTask3 */,
				84489A7B256D2B01000A4018 /* Builder */,
				84489A49256D2A18000A4018 /* AppDelegate.swift */,
				84489A4B256D2A18000A4018 /* SceneDelegate.swift */,
				84489A62256D2A8D000A4018 /* Image.swift */,
				84489A4F256D2A18000A4018 /* Main.storyboard */,
				84489A52256D2A19000A4018 /* Assets.xcassets */,
				84489A54256D2A19000A4018 /* LaunchScreen.storyboard */,
				84489A57256D2A19000A4018 /* Info.plist */,
			);
			path = Task6;
			sourceTree = "<group>";
		};
		84489A6D256D2AD0000A4018 /* ViewFromTask3 */ = {
			isa = PBXGroup;
			children = (
				84489A6F256D2AD0000A4018 /* MyViewController.swift */,
			);
			path = ViewFromTask3;
			sourceTree = "<group>";
		};
		84489A7B256D2B01000A4018 /* Builder */ = {
			isa = PBXGroup;
			children = (
				84489A7C256D2B02000A4018 /* PageBuilder.swift */,
			);
			path = Builder;
			sourceTree = "<group>";
		};
		84489A8A256D32E1000A4018 /* Constants */ = {
			isa = PBXGroup;
			children = (
				84489A8B256D32E1000A4018 /* Constants.swift */,
			);
			name = Constants;
			path = Task6/Constants;
			sourceTree = "<group>";
		};
/* End PBXGroup section */

/* Begin PBXNativeTarget section */
		84489A45256D2A18000A4018 /* Task6 */ = {
			isa = PBXNativeTarget;
			buildConfigurationList = 84489A5A256D2A19000A4018 /* Build configuration list for PBXNativeTarget "Task6" */;
			buildPhases = (
				84489A42256D2A18000A4018 /* Sources */,
				84489A43256D2A18000A4018 /* Frameworks */,
				84489A44256D2A18000A4018 /* Resources */,
			);
			buildRules = (
			);
			dependencies = (
			);
			name = Task6;
			productName = Task6;
			productReference = 84489A46256D2A18000A4018 /* Task6.app */;
			productType = "com.apple.product-type.application";
		};
/* End PBXNativeTarget section */

/* Begin PBXProject section */
		84489A3E256D2A18000A4018 /* Project object */ = {
			isa = PBXProject;
			attributes = {
				LastSwiftUpdateCheck = 1220;
				LastUpgradeCheck = 1220;
				TargetAttributes = {
					84489A45256D2A18000A4018 = {
						CreatedOnToolsVersion = 12.2;
					};
				};
			};
			buildConfigurationList = 84489A41256D2A18000A4018 /* Build configuration list for PBXProject "Task6" */;
			compatibilityVersion = "Xcode 9.3";
			developmentRegion = en;
			hasScannedForEncodings = 0;
			knownRegions = (
				en,
				Base,
			);
			mainGroup = 84489A3D256D2A18000A4018;
			productRefGroup = 84489A47256D2A18000A4018 /* Products */;
			projectDirPath = "";
			projectRoot = "";
			targets = (
				84489A45256D2A18000A4018 /* Task6 */,
			);
		};
/* End PBXProject section */

/* Begin PBXResourcesBuildPhase section */
		84489A44256D2A18000A4018 /* Resources */ = {
			isa = PBXResourcesBuildPhase;
			buildActionMask = 2147483647;
			files = (
				84489A56256D2A19000A4018 /* LaunchScreen.storyboard in Resources */,
				84489A53256D2A19000A4018 /* Assets.xcassets in Resources */,
				84489A51256D2A18000A4018 /* Main.storyboard in Resources */,
			);
			runOnlyForDeploymentPostprocessing = 0;
		};
/* End PBXResourcesBuildPhase section */

/* Begin PBXSourcesBuildPhase section */
		84489A42256D2A18000A4018 /* Sources */ = {
			isa = PBXSourcesBuildPhase;
			buildActionMask = 2147483647;
			files = (
				84489A7D256D2B02000A4018 /* PageBuilder.swift in Sources */,
				84489A63256D2A8D000A4018 /* Image.swift in Sources */,
				84489A4A256D2A18000A4018 /* AppDelegate.swift in Sources */,
				84489A71256D2AD0000A4018 /* MyViewController.swift in Sources */,
				84489A4C256D2A18000A4018 /* SceneDelegate.swift in Sources */,
				84489A8C256D32E2000A4018 /* Constants.swift in Sources */,
			);
			runOnlyForDeploymentPostprocessing = 0;
		};
/* End PBXSourcesBuildPhase section */

/* Begin PBXVariantGroup section */
		84489A4F256D2A18000A4018 /* Main.storyboard */ = {
			isa = PBXVariantGroup;
			children = (
				84489A50256D2A18000A4018 /* Base */,
			);
			name = Main.storyboard;
			sourceTree = "<group>";
		};
		84489A54256D2A19000A4018 /* LaunchScreen.storyboard */ = {
			isa = PBXVariantGroup;
			children = (
				84489A55256D2A19000A4018 /* Base */,
			);
			name = LaunchScreen.storyboard;
			sourceTree = "<group>";
		};
/* End PBXVariantGroup section */

/* Begin XCBuildConfiguration section */
		84489A58256D2A19000A4018 /* Debug */ = {
			isa = XCBuildConfiguration;
			buildSettings = {
				ALWAYS_SEARCH_USER_PATHS = NO;
				CLANG_ANALYZER_NONNULL = YES;
				CLANG_ANALYZER_NUMBER_OBJECT_CONVERSION = YES_AGGRESSIVE;
				CLANG_CXX_LANGUAGE_STANDARD = "gnu++14";
				CLANG_CXX_LIBRARY = "libc++";
				CLANG_ENABLE_MODULES = YES;
				CLANG_ENABLE_OBJC_ARC = YES;
				CLANG_ENABLE_OBJC_WEAK = YES;
				CLANG_WARN_BLOCK_CAPTURE_AUTORELEASING = YES;
				CLANG_WARN_BOOL_CONVERSION = YES;
				CLANG_WARN_COMMA = YES;
				CLANG_WARN_CONSTANT_CONVERSION = YES;
				CLANG_WARN_DEPRECATED_OBJC_IMPLEMENTATIONS = YES;
				CLANG_WARN_DIRECT_OBJC_ISA_USAGE = YES_ERROR;
				CLANG_WARN_DOCUMENTATION_COMMENTS = YES;
				CLANG_WARN_EMPTY_BODY = YES;
				CLANG_WARN_ENUM_CONVERSION = YES;
				CLANG_WARN_INFINITE_RECURSION = YES;
				CLANG_WARN_INT_CONVERSION = YES;
				CLANG_WARN_NON_LITERAL_NULL_CONVERSION = YES;
				CLANG_WARN_OBJC_IMPLICIT_RETAIN_SELF = YES;
				CLANG_WARN_OBJC_LITERAL_CONVERSION = YES;
				CLANG_WARN_OBJC_ROOT_CLASS = YES_ERROR;
				CLANG_WARN_QUOTED_INCLUDE_IN_FRAMEWORK_HEADER = YES;
				CLANG_WARN_RANGE_LOOP_ANALYSIS = YES;
				CLANG_WARN_STRICT_PROTOTYPES = YES;
				CLANG_WARN_SUSPICIOUS_MOVE = YES;
				CLANG_WARN_UNGUARDED_AVAILABILITY = YES_AGGRESSIVE;
				CLANG_WARN_UNREACHABLE_CODE = YES;
				CLANG_WARN__DUPLICATE_METHOD_MATCH = YES;
				COPY_PHASE_STRIP = NO;
				DEBUG_INFORMATION_FORMAT = dwarf;
				ENABLE_STRICT_OBJC_MSGSEND = YES;
				ENABLE_TESTABILITY = YES;
				GCC_C_LANGUAGE_STANDARD = gnu11;
				GCC_DYNAMIC_NO_PIC = NO;
				GCC_NO_COMMON_BLOCKS = YES;
				GCC_OPTIMIZATION_LEVEL = 0;
				GCC_PREPROCESSOR_DEFINITIONS = (
					"DEBUG=1",
					"$(inherited)",
				);
				GCC_WARN_64_TO_32_BIT_CONVERSION = YES;
				GCC_WARN_ABOUT_RETURN_TYPE = YES_ERROR;
				GCC_WARN_UNDECLARED_SELECTOR = YES;
				GCC_WARN_UNINITIALIZED_AUTOS = YES_AGGRESSIVE;
				GCC_WARN_UNUSED_FUNCTION = YES;
				GCC_WARN_UNUSED_VARIABLE = YES;
				IPHONEOS_DEPLOYMENT_TARGET = 14.2;
				MTL_ENABLE_DEBUG_INFO = INCLUDE_SOURCE;
				MTL_FAST_MATH = YES;
				ONLY_ACTIVE_ARCH = YES;
				SDKROOT = iphoneos;
				SWIFT_ACTIVE_COMPILATION_CONDITIONS = DEBUG;
				SWIFT_OPTIMIZATION_LEVEL = "-Onone";
			};
			name = Debug;
		};
		84489A59256D2A19000A4018 /* Release */ = {
			isa = XCBuildConfiguration;
			buildSettings = {
				ALWAYS_SEARCH_USER_PATHS = NO;
				CLANG_ANALYZER_NONNULL = YES;
				CLANG_ANALYZER_NUMBER_OBJECT_CONVERSION = YES_AGGRESSIVE;
				CLANG_CXX_LANGUAGE_STANDARD = "gnu++14";
				CLANG_CXX_LIBRARY = "libc++";
				CLANG_ENABLE_MODULES = YES;
				CLANG_ENABLE_OBJC_ARC = YES;
				CLANG_ENABLE_OBJC_WEAK = YES;
				CLANG_WARN_BLOCK_CAPTURE_AUTORELEASING = YES;
				CLANG_WARN_BOOL_CONVERSION = YES;
				CLANG_WARN_COMMA = YES;
				CLANG_WARN_CONSTANT_CONVERSION = YES;
				CLANG_WARN_DEPRECATED_OBJC_IMPLEMENTATIONS = YES;
				CLANG_WARN_DIRECT_OBJC_ISA_USAGE = YES_ERROR;
				CLANG_WARN_DOCUMENTATION_COMMENTS = YES;
				CLANG_WARN_EMPTY_BODY = YES;
				CLANG_WARN_ENUM_CONVERSION = YES;
				CLANG_WARN_INFINITE_RECURSION = YES;
				CLANG_WARN_INT_CONVERSION = YES;
				CLANG_WARN_NON_LITERAL_NULL_CONVERSION = YES;
				CLANG_WARN_OBJC_IMPLICIT_RETAIN_SELF = YES;
				CLANG_WARN_OBJC_LITERAL_CONVERSION = YES;
				CLANG_WARN_OBJC_ROOT_CLASS = YES_ERROR;
				CLANG_WARN_QUOTED_INCLUDE_IN_FRAMEWORK_HEADER = YES;
				CLANG_WARN_RANGE_LOOP_ANALYSIS = YES;
				CLANG_WARN_STRICT_PROTOTYPES = YES;
				CLANG_WARN_SUSPICIOUS_MOVE = YES;
				CLANG_WARN_UNGUARDED_AVAILABILITY = YES_AGGRESSIVE;
				CLANG_WARN_UNREACHABLE_CODE = YES;
				CLANG_WARN__DUPLICATE_METHOD_MATCH = YES;
				COPY_PHASE_STRIP = NO;
				DEBUG_INFORMATION_FORMAT = "dwarf-with-dsym";
				ENABLE_NS_ASSERTIONS = NO;
				ENABLE_STRICT_OBJC_MSGSEND = YES;
				GCC_C_LANGUAGE_STANDARD = gnu11;
				GCC_NO_COMMON_BLOCKS = YES;
				GCC_WARN_64_TO_32_BIT_CONVERSION = YES;
				GCC_WARN_ABOUT_RETURN_TYPE = YES_ERROR;
				GCC_WARN_UNDECLARED_SELECTOR = YES;
				GCC_WARN_UNINITIALIZED_AUTOS = YES_AGGRESSIVE;
				GCC_WARN_UNUSED_FUNCTION = YES;
				GCC_WARN_UNUSED_VARIABLE = YES;
				IPHONEOS_DEPLOYMENT_TARGET = 14.2;
				MTL_ENABLE_DEBUG_INFO = NO;
				MTL_FAST_MATH = YES;
				SDKROOT = iphoneos;
				SWIFT_COMPILATION_MODE = wholemodule;
				SWIFT_OPTIMIZATION_LEVEL = "-O";
				VALIDATE_PRODUCT = YES;
			};
			name = Release;
		};
		84489A5B256D2A19000A4018 /* Debug */ = {
			isa = XCBuildConfiguration;
			buildSettings = {
				ASSETCATALOG_COMPILER_APPICON_NAME = AppIcon;
				ASSETCATALOG_COMPILER_GLOBAL_ACCENT_COLOR_NAME = AccentColor;
				CODE_SIGN_STYLE = Automatic;
				INFOPLIST_FILE = Task6/Info.plist;
				LD_RUNPATH_SEARCH_PATHS = (
					"$(inherited)",
					"@executable_path/Frameworks",
				);
				PRODUCT_BUNDLE_IDENTIFIER = com.viktor.Task6;
				PRODUCT_NAME = "$(TARGET_NAME)";
				SWIFT_VERSION = 5.0;
				TARGETED_DEVICE_FAMILY = "1,2";
			};
			name = Debug;
		};
		84489A5C256D2A19000A4018 /* Release */ = {
			isa = XCBuildConfiguration;
			buildSettings = {
				ASSETCATALOG_COMPILER_APPICON_NAME = AppIcon;
				ASSETCATALOG_COMPILER_GLOBAL_ACCENT_COLOR_NAME = AccentColor;
				CODE_SIGN_STYLE = Automatic;
				INFOPLIST_FILE = Task6/Info.plist;
				LD_RUNPATH_SEARCH_PATHS = (
					"$(inherited)",
					"@executable_path/Frameworks",
				);
				PRODUCT_BUNDLE_IDENTIFIER = com.viktor.Task6;
				PRODUCT_NAME = "$(TARGET_NAME)";
				SWIFT_VERSION = 5.0;
				TARGETED_DEVICE_FAMILY = "1,2";
			};
			name = Release;
		};
/* End XCBuildConfiguration section */

/* Begin XCConfigurationList section */
		84489A41256D2A18000A4018 /* Build configuration list for PBXProject "Task6" */ = {
			isa = XCConfigurationList;
			buildConfigurations = (
				84489A58256D2A19000A4018 /* Debug */,
				84489A59256D2A19000A4018 /* Release */,
			);
			defaultConfigurationIsVisible = 0;
			defaultConfigurationName = Release;
		};
		84489A5A256D2A19000A4018 /* Build configuration list for PBXNativeTarget "Task6" */ = {
			isa = XCConfigurationList;
			buildConfigurations = (
				84489A5B256D2A19000A4018 /* Debug */,
				84489A5C256D2A19000A4018 /* Release */,
			);
			defaultConfigurationIsVisible = 0;
			defaultConfigurationName = Release;
		};
/* End XCConfigurationList section */
	};
	rootObject = 84489A3E256D2A18000A4018 /* Project object */;
}
